
Microsoft Visual Studio Solution File, Format Version 12.00
# Visual Studio Version 16
VisualStudioVersion = 16.0.31205.134
MinimumVisualStudioVersion = 10.0.40219.1
Project("{FAE04EC0-301F-11D3-BF4B-00C04F79EFBC}") = "[WinForm]CheckIfEXERunning", "[WinForm]CheckIfEXERunning\[WinForm]CheckIfEXERunning.csproj", "{00849E01-BF8B-42BC-BE12-61CAA0CB2CE6}"
EndProject
Global
	GlobalSection(SolutionConfigurationPlatforms) = preSolution
		Debug|Any CPU = Debug|Any CPU
		Release|Any CPU = Release|Any CPU
	EndGlobalSection
	GlobalSection(ProjectConfigurationPlatforms) = postSolution
		{00849E01-BF8B-42BC-BE12-61CAA0CB2CE6}.Debug|Any CPU.ActiveCfg = Debug|Any CPU
		{00849E01-BF8B-42BC-BE12-61CAA0CB2CE6}.Debug|Any CPU.Build.0 = Debug|Any CPU
		{00849E01-BF8B-42BC-BE12-61CAA0CB2CE6}.Release|Any CPU.ActiveCfg = Release|Any CPU
		{00849E01-BF8B-42BC-BE12-61CAA0CB2CE6}.Release|Any CPU.Build.0 = Release|Any CPU
	EndGlobalSection
	GlobalSection(SolutionProperties) = preSolution
		HideSolutionNode = FALSE
	EndGlobalSection
	GlobalSection(ExtensibilityGlobals) = postSolution
		SolutionGuid = {E064E53E-9F3B-4955-A3D1-1733FA297005}
	EndGlobalSection
EndGlobal
